
Microsoft Visual Studio Solution File, Format Version 12.00
# Visual Studio 2013
VisualStudioVersion = 12.0.31101.0
MinimumVisualStudioVersion = 10.0.40219.1
Project("{FAE04EC0-301F-11D3-BF4B-00C04F79EFBC}") = "Jingtum.API", "Jingtum.API\Jingtum.API.csproj", "{ABF9EA18-6130-40E6-80F2-6EA26D5BCE47}"
EndProject
Project("{FAE04EC0-301F-11D3-BF4B-00C04F79EFBC}") = "Jingtum-Application-Sample", "Jingtum-Application-Sample\Jingtum-Application-Sample.csproj", "{F67E6906-8D88-40F9-B458-BAE6E93858AA}"
EndProject
Project("{FAE04EC0-301F-11D3-BF4B-00C04F79EFBC}") = "Jingtum-Subscribe", "Jingtum-Subscribe-Sample\Jingtum-Subscribe.csproj", "{2BB3C27E-11DC-4C85-97C5-FEB062C057E5}"
EndProject
Project("{FAE04EC0-301F-11D3-BF4B-00C04F79EFBC}") = "Jingtum.API.Test", "Jingtum.API.Test\Jingtum.API.Test.csproj", "{E4D72203-7F31-4831-A057-548CDB85C2D2}"
EndProject
Project("{2150E333-8FDC-42A3-9474-1A3956D46DE8}") = ".nuget", ".nuget", "{E32D5143-EA6B-4F90-8F43-8B4047A427BD}"
	ProjectSection(SolutionItems) = preProject
		.nuget\NuGet.Config = .nuget\NuGet.Config
		.nuget\NuGet.exe = .nuget\NuGet.exe
		.nuget\NuGet.targets = .nuget\NuGet.targets
	EndProjectSection
EndProject
Project("{FAE04EC0-301F-11D3-BF4B-00C04F79EFBC}") = "BatchPay", "BatchPay\BatchPay.csproj", "{8A57BF67-A285-4419-9186-BF65437073B4}"
EndProject
Global
	GlobalSection(SolutionConfigurationPlatforms) = preSolution
		Debug|Any CPU = Debug|Any CPU
		Release|Any CPU = Release|Any CPU
	EndGlobalSection
	GlobalSection(ProjectConfigurationPlatforms) = postSolution
		{ABF9EA18-6130-40E6-80F2-6EA26D5BCE47}.Debug|Any CPU.ActiveCfg = Debug|Any CPU
		{ABF9EA18-6130-40E6-80F2-6EA26D5BCE47}.Debug|Any CPU.Build.0 = Debug|Any CPU
		{ABF9EA18-6130-40E6-80F2-6EA26D5BCE47}.Release|Any CPU.ActiveCfg = Release|Any CPU
		{ABF9EA18-6130-40E6-80F2-6EA26D5BCE47}.Release|Any CPU.Build.0 = Release|Any CPU
		{F67E6906-8D88-40F9-B458-BAE6E93858AA}.Debug|Any CPU.ActiveCfg = Debug|Any CPU
		{F67E6906-8D88-40F9-B458-BAE6E93858AA}.Debug|Any CPU.Build.0 = Debug|Any CPU
		{F67E6906-8D88-40F9-B458-BAE6E93858AA}.Release|Any CPU.ActiveCfg = Release|Any CPU
		{F67E6906-8D88-40F9-B458-BAE6E93858AA}.Release|Any CPU.Build.0 = Release|Any CPU
		{2BB3C27E-11DC-4C85-97C5-FEB062C057E5}.Debug|Any CPU.ActiveCfg = Debug|Any CPU
		{2BB3C27E-11DC-4C85-97C5-FEB062C057E5}.Debug|Any CPU.Build.0 = Debug|Any CPU
		{2BB3C27E-11DC-4C85-97C5-FEB062C057E5}.Release|Any CPU.ActiveCfg = Release|Any CPU
		{2BB3C27E-11DC-4C85-97C5-FEB062C057E5}.Release|Any CPU.Build.0 = Release|Any CPU
		{E4D72203-7F31-4831-A057-548CDB85C2D2}.Debug|Any CPU.ActiveCfg = Debug|Any CPU
		{E4D72203-7F31-4831-A057-548CDB85C2D2}.Debug|Any CPU.Build.0 = Debug|Any CPU
		{E4D72203-7F31-4831-A057-548CDB85C2D2}.Release|Any CPU.ActiveCfg = Release|Any CPU
		{E4D72203-7F31-4831-A057-548CDB85C2D2}.Release|Any CPU.Build.0 = Release|Any CPU
		{8A57BF67-A285-4419-9186-BF65437073B4}.Debug|Any CPU.ActiveCfg = Debug|Any CPU
		{8A57BF67-A285-4419-9186-BF65437073B4}.Debug|Any CPU.Build.0 = Debug|Any CPU
		{8A57BF67-A285-4419-9186-BF65437073B4}.Release|Any CPU.ActiveCfg = Release|Any CPU
		{8A57BF67-A285-4419-9186-BF65437073B4}.Release|Any CPU.Build.0 = Release|Any CPU
	EndGlobalSection
	GlobalSection(SolutionProperties) = preSolution
		HideSolutionNode = FALSE
	EndGlobalSection
	GlobalSection(ExtensibilityGlobals) = postSolution
		SolutionGuid = {50CB6CFC-B0F1-4D1E-B70F-A4300467F6C8}
	EndGlobalSection
EndGlobal
